{
  "name": "phoenix_frontend",
  "version": "0.0.1",
  "lockfileVersion": 1,
  "requires": true,
  "dependencies": {
    "phoenix": {
      "version": "1.4.8",
      "resolved": "https://registry.npmjs.org/phoenix/-/phoenix-1.4.8.tgz",
      "integrity": "sha512-WH20Lv/P/zz49HKoQmGyRtcckYf91ivK+dvLehgeN5cxP9DgJufgg/4fPgBnrd7OY/Q9aSSxJvMMrwyG4tEPbw=="
    },
    "vuex": {
      "version": "3.1.1",
      "resolved": "https://registry.npmjs.org/vuex/-/vuex-3.1.1.tgz",
      "integrity": "sha512-ER5moSbLZuNSMBFnEBVGhQ1uCBNJslH9W/Dw2W7GZN23UQA69uapP5GTT9Vm8Trc0PzBSVt6LzF3hGjmv41xcg=="
    }
  }
}
